
Microsoft Visual Studio Solution File, Format Version 11.00
# Visual Studio 2010
Project("{FAE04EC0-301F-11D3-BF4B-00C04F79EFBC}") = "itsbeta.achievements", "itsbeta.achievements\itsbeta.achievements.csproj", "{0A416DBA-EC5C-42C6-9CB0-08AB8BC25ED6}"
EndProject
Project("{FAE04EC0-301F-11D3-BF4B-00C04F79EFBC}") = "itsbeta", "..\libs\itsbeta\itsbeta\itsbeta.csproj", "{F0E325C3-8C23-4FC5-ACCE-402E4F37671C}"
EndProject
Global
	GlobalSection(SolutionConfigurationPlatforms) = preSolution
		Debug|Any CPU = Debug|Any CPU
		Release|Any CPU = Release|Any CPU
	EndGlobalSection
	GlobalSection(ProjectConfigurationPlatforms) = postSolution
		{0A416DBA-EC5C-42C6-9CB0-08AB8BC25ED6}.Debug|Any CPU.ActiveCfg = Debug|Any CPU
		{0A416DBA-EC5C-42C6-9CB0-08AB8BC25ED6}.Debug|Any CPU.Build.0 = Debug|Any CPU
		{0A416DBA-EC5C-42C6-9CB0-08AB8BC25ED6}.Debug|Any CPU.Deploy.0 = Debug|Any CPU
		{0A416DBA-EC5C-42C6-9CB0-08AB8BC25ED6}.Release|Any CPU.ActiveCfg = Release|Any CPU
		{0A416DBA-EC5C-42C6-9CB0-08AB8BC25ED6}.Release|Any CPU.Build.0 = Release|Any CPU
		{0A416DBA-EC5C-42C6-9CB0-08AB8BC25ED6}.Release|Any CPU.Deploy.0 = Release|Any CPU
		{F0E325C3-8C23-4FC5-ACCE-402E4F37671C}.Debug|Any CPU.ActiveCfg = Debug|Any CPU
		{F0E325C3-8C23-4FC5-ACCE-402E4F37671C}.Debug|Any CPU.Build.0 = Debug|Any CPU
		{F0E325C3-8C23-4FC5-ACCE-402E4F37671C}.Release|Any CPU.ActiveCfg = Release|Any CPU
		{F0E325C3-8C23-4FC5-ACCE-402E4F37671C}.Release|Any CPU.Build.0 = Release|Any CPU
	EndGlobalSection
	GlobalSection(SolutionProperties) = preSolution
		HideSolutionNode = FALSE
	EndGlobalSection
EndGlobal
